// !$*UTF8*$!
{
	archiveVersion = 1;
	classes = {
	};
	objectVersion = 56;
	objects = {

/* Begin PBXBuildFile section */
		8D953DB62D622D7F00F5DE0E /* HocusFocusApp.swift in Sources */ = {isa = PBXBuildFile; fileRef = 8D953DB52D622D7F00F5DE0E /* HocusFocusApp.swift */; };
		8D953DBA2D622D8100F5DE0E /* Assets.xcassets in Resources */ = {isa = PBXBuildFile; fileRef = 8D953DB92D622D8100F5DE0E /* Assets.xcassets */; };
		8D953DBD2D622D8100F5DE0E /* Preview Assets.xcassets in Resources */ = {isa = PBXBuildFile; fileRef = 8D953DBC2D622D8100F5DE0E /* Preview Assets.xcassets */; };
		8D953DCB2D62340500F5DE0E /* SplashView.swift in Sources */ = {isa = PBXBuildFile; fileRef = 8D953DCA2D62340500F5DE0E /* SplashView.swift */; };
		8D953DCD2D624ECA00F5DE0E /* SignInView.swift in Sources */ = {isa = PBXBuildFile; fileRef = 8D953DCC2D624ECA00F5DE0E /* SignInView.swift */; };
		8D953DCF2D624EDF00F5DE0E /* SignUpView.swift in Sources */ = {isa = PBXBuildFile; fileRef = 8D953DCE2D624EDF00F5DE0E /* SignUpView.swift */; };
		8D953DD12D624EF000F5DE0E /* HomeView.swift in Sources */ = {isa = PBXBuildFile; fileRef = 8D953DD02D624EF000F5DE0E /* HomeView.swift */; };
		8D953DD32D624F1700F5DE0E /* TaskDetailView.swift in Sources */ = {isa = PBXBuildFile; fileRef = 8D953DD22D624F1700F5DE0E /* TaskDetailView.swift */; };
		8D953DD52D624F2700F5DE0E /* CreateTaskView.swift in Sources */ = {isa = PBXBuildFile; fileRef = 8D953DD42D624F2700F5DE0E /* CreateTaskView.swift */; };
		8D953DD72D624F4B00F5DE0E /* ProjectRow.swift in Sources */ = {isa = PBXBuildFile; fileRef = 8D953DD62D624F4B00F5DE0E /* ProjectRow.swift */; };
		8D953DD92D624F5900F5DE0E /* TaskRow.swift in Sources */ = {isa = PBXBuildFile; fileRef = 8D953DD82D624F5900F5DE0E /* TaskRow.swift */; };
		8D953DDB2D62501300F5DE0E /* BottomTabBar.swift in Sources */ = {isa = PBXBuildFile; fileRef = 8D953DDA2D62501300F5DE0E /* BottomTabBar.swift */; };
		8D953DDD2D62516000F5DE0E /* Project.swift in Sources */ = {isa = PBXBuildFile; fileRef = 8D953DDC2D62516000F5DE0E /* Project.swift */; };
		8D953DDF2D62516F00F5DE0E /* Task.swift in Sources */ = {isa = PBXBuildFile; fileRef = 8D953DDE2D62516F00F5DE0E /* Task.swift */; };
		8D953DE12D6251C000F5DE0E /* ProjectViewModel.swift in Sources */ = {isa = PBXBuildFile; fileRef = 8D953DE02D6251C000F5DE0E /* ProjectViewModel.swift */; };
		8D953DE32D6251CF00F5DE0E /* TaskViewModel.swift in Sources */ = {isa = PBXBuildFile; fileRef = 8D953DE22D6251CF00F5DE0E /* TaskViewModel.swift */; };
		8D953DE52D625FB400F5DE0E /* User.swift in Sources */ = {isa = PBXBuildFile; fileRef = 8D953DE42D625FB400F5DE0E /* User.swift */; };
		8D953DE72D625FF200F5DE0E /* UserStorage.swift in Sources */ = {isa = PBXBuildFile; fileRef = 8D953DE62D625FF200F5DE0E /* UserStorage.swift */; };
/* End PBXBuildFile section */

/* Begin PBXFileReference section */
		8D953DB22D622D7F00F5DE0E /* HocusFocusApp.app */ = {isa = PBXFileReference; explicitFileType = wrapper.application; includeInIndex = 0; path = HocusFocusApp.app; sourceTree = BUILT_PRODUCTS_DIR; };
		8D953DB52D622D7F00F5DE0E /* HocusFocusApp.swift */ = {isa = PBXFileReference; lastKnownFileType = sourcecode.swift; path = HocusFocusApp.swift; sourceTree = "<group>"; };
		8D953DB92D622D8100F5DE0E /* Assets.xcassets */ = {isa = PBXFileReference; lastKnownFileType = folder.assetcatalog; path = Assets.xcassets; sourceTree = "<group>"; };
		8D953DBC2D622D8100F5DE0E /* Preview Assets.xcassets */ = {isa = PBXFileReference; lastKnownFileType = folder.assetcatalog; path = "Preview Assets.xcassets"; sourceTree = "<group>"; };
		8D953DCA2D62340500F5DE0E /* SplashView.swift */ = {isa = PBXFileReference; lastKnownFileType = sourcecode.swift; path = SplashView.swift; sourceTree = "<group>"; };
		8D953DCC2D624ECA00F5DE0E /* SignInView.swift */ = {isa = PBXFileReference; lastKnownFileType = sourcecode.swift; path = SignInView.swift; sourceTree = "<group>"; };
		8D953DCE2D624EDF00F5DE0E /* SignUpView.swift */ = {isa = PBXFileReference; lastKnownFileType = sourcecode.swift; path = SignUpView.swift; sourceTree = "<group>"; };
		8D953DD02D624EF000F5DE0E /* HomeView.swift */ = {isa = PBXFileReference; lastKnownFileType = sourcecode.swift; path = HomeView.swift; sourceTree = "<group>"; };
		8D953DD22D624F1700F5DE0E /* TaskDetailView.swift */ = {isa = PBXFileReference; lastKnownFileType = sourcecode.swift; path = TaskDetailView.swift; sourceTree = "<group>"; };
		8D953DD42D624F2700F5DE0E /* CreateTaskView.swift */ = {isa = PBXFileReference; lastKnownFileType = sourcecode.swift; path = CreateTaskView.swift; sourceTree = "<group>"; };
		8D953DD62D624F4B00F5DE0E /* ProjectRow.swift */ = {isa = PBXFileReference; lastKnownFileType = sourcecode.swift; path = ProjectRow.swift; sourceTree = "<group>"; };
		8D953DD82D624F5900F5DE0E /* TaskRow.swift */ = {isa = PBXFileReference; lastKnownFileType = sourcecode.swift; path = TaskRow.swift; sourceTree = "<group>"; };
		8D953DDA2D62501300F5DE0E /* BottomTabBar.swift */ = {isa = PBXFileReference; lastKnownFileType = sourcecode.swift; path = BottomTabBar.swift; sourceTree = "<group>"; };
		8D953DDC2D62516000F5DE0E /* Project.swift */ = {isa = PBXFileReference; lastKnownFileType = sourcecode.swift; path = Project.swift; sourceTree = "<group>"; };
		8D953DDE2D62516F00F5DE0E /* Task.swift */ = {isa = PBXFileReference; lastKnownFileType = sourcecode.swift; path = Task.swift; sourceTree = "<group>"; };
		8D953DE02D6251C000F5DE0E /* ProjectViewModel.swift */ = {isa = PBXFileReference; lastKnownFileType = sourcecode.swift; path = ProjectViewModel.swift; sourceTree = "<group>"; };
		8D953DE22D6251CF00F5DE0E /* TaskViewModel.swift */ = {isa = PBXFileReference; lastKnownFileType = sourcecode.swift; path = TaskViewModel.swift; sourceTree = "<group>"; };
		8D953DE42D625FB400F5DE0E /* User.swift */ = {isa = PBXFileReference; lastKnownFileType = sourcecode.swift; path = User.swift; sourceTree = "<group>"; };
		8D953DE62D625FF200F5DE0E /* UserStorage.swift */ = {isa = PBXFileReference; lastKnownFileType = sourcecode.swift; path = UserStorage.swift; sourceTree = "<group>"; };
/* End PBXFileReference section */

/* Begin PBXFrameworksBuildPhase section */
		8D953DAF2D622D7F00F5DE0E /* Frameworks */ = {
			isa = PBXFrameworksBuildPhase;
			buildActionMask = 2147483647;
			files = (
			);
			runOnlyForDeploymentPostprocessing = 0;
		};
/* End PBXFrameworksBuildPhase section */

/* Begin PBXGroup section */
		8D953DA92D622D7F00F5DE0E = {
			isa = PBXGroup;
			children = (
				8D953DC92D62337200F5DE0E /* Networking */,
				8D953DC82D62334E00F5DE0E /* ViewModels */,
				8D953DC72D62333400F5DE0E /* Models */,
				8D953DC62D62332300F5DE0E /* Components */,
				8D953DC52D62330D00F5DE0E /* Views */,
				8D953DB42D622D7F00F5DE0E /* HocusFocusApp */,
				8D953DB32D622D7F00F5DE0E /* Products */,
			);
			sourceTree = "<group>";
		};
		8D953DB32D622D7F00F5DE0E /* Products */ = {
			isa = PBXGroup;
			children = (
				8D953DB22D622D7F00F5DE0E /* HocusFocusApp.app */,
			);
			name = Products;
			sourceTree = "<group>";
		};
		8D953DB42D622D7F00F5DE0E /* HocusFocusApp */ = {
			isa = PBXGroup;
			children = (
				8D953DB52D622D7F00F5DE0E /* HocusFocusApp.swift */,
				8D953DB92D622D8100F5DE0E /* Assets.xcassets */,
				8D953DBB2D622D8100F5DE0E /* Preview Content */,
			);
			path = HocusFocusApp;
			sourceTree = "<group>";
		};
		8D953DBB2D622D8100F5DE0E /* Preview Content */ = {
			isa = PBXGroup;
			children = (
				8D953DBC2D622D8100F5DE0E /* Preview Assets.xcassets */,
			);
			path = "Preview Content";
			sourceTree = "<group>";
		};
		8D953DC52D62330D00F5DE0E /* Views */ = {
			isa = PBXGroup;
			children = (
				8D953DCA2D62340500F5DE0E /* SplashView.swift */,
				8D953DCC2D624ECA00F5DE0E /* SignInView.swift */,
				8D953DCE2D624EDF00F5DE0E /* SignUpView.swift */,
				8D953DD02D624EF000F5DE0E /* HomeView.swift */,
				8D953DD22D624F1700F5DE0E /* TaskDetailView.swift */,
				8D953DD42D624F2700F5DE0E /* CreateTaskView.swift */,
				8D953DD62D624F4B00F5DE0E /* ProjectRow.swift */,
				8D953DD82D624F5900F5DE0E /* TaskRow.swift */,
			);
			path = Views;
			sourceTree = "<group>";
		};
		8D953DC62D62332300F5DE0E /* Components */ = {
			isa = PBXGroup;
			children = (
				8D953DDA2D62501300F5DE0E /* BottomTabBar.swift */,
			);
			path = Components;
			sourceTree = "<group>";
		};
		8D953DC72D62333400F5DE0E /* Models */ = {
			isa = PBXGroup;
			children = (
				8D953DDC2D62516000F5DE0E /* Project.swift */,
				8D953DDE2D62516F00F5DE0E /* Task.swift */,
				8D953DE42D625FB400F5DE0E /* User.swift */,
			);
			path = Models;
			sourceTree = "<group>";
		};
		8D953DC82D62334E00F5DE0E /* ViewModels */ = {
			isa = PBXGroup;
			children = (
				8D953DE02D6251C000F5DE0E /* ProjectViewModel.swift */,
				8D953DE22D6251CF00F5DE0E /* TaskViewModel.swift */,
				8D953DE62D625FF200F5DE0E /* UserStorage.swift */,
			);
			path = ViewModels;
			sourceTree = "<group>";
		};
		8D953DC92D62337200F5DE0E /* Networking */ = {
			isa = PBXGroup;
			children = (
			);
			path = Networking;
			sourceTree = "<group>";
		};
/* End PBXGroup section */

/* Begin PBXNativeTarget section */
		8D953DB12D622D7F00F5DE0E /* HocusFocusApp */ = {
			isa = PBXNativeTarget;
			buildConfigurationList = 8D953DC02D622D8100F5DE0E /* Build configuration list for PBXNativeTarget "HocusFocusApp" */;
			buildPhases = (
				8D953DAE2D622D7F00F5DE0E /* Sources */,
				8D953DAF2D622D7F00F5DE0E /* Frameworks */,
				8D953DB02D622D7F00F5DE0E /* Resources */,
			);
			buildRules = (
			);
			dependencies = (
			);
			name = HocusFocusApp;
			productName = HocusFocusApp;
			productReference = 8D953DB22D622D7F00F5DE0E /* HocusFocusApp.app */;
			productType = "com.apple.product-type.application";
		};
/* End PBXNativeTarget section */

/* Begin PBXProject section */
		8D953DAA2D622D7F00F5DE0E /* Project object */ = {
			isa = PBXProject;
			attributes = {
				BuildIndependentTargetsInParallel = 1;
				LastSwiftUpdateCheck = 1430;
				LastUpgradeCheck = 1430;
				TargetAttributes = {
					8D953DB12D622D7F00F5DE0E = {
						CreatedOnToolsVersion = 14.3.1;
					};
				};
			};
			buildConfigurationList = 8D953DAD2D622D7F00F5DE0E /* Build configuration list for PBXProject "HocusFocusApp" */;
			compatibilityVersion = "Xcode 14.0";
			developmentRegion = en;
			hasScannedForEncodings = 0;
			knownRegions = (
				en,
				Base,
			);
			mainGroup = 8D953DA92D622D7F00F5DE0E;
			productRefGroup = 8D953DB32D622D7F00F5DE0E /* Products */;
			projectDirPath = "";
			projectRoot = "";
			targets = (
				8D953DB12D622D7F00F5DE0E /* HocusFocusApp */,
			);
		};
/* End PBXProject section */

/* Begin PBXResourcesBuildPhase section */
		8D953DB02D622D7F00F5DE0E /* Resources */ = {
			isa = PBXResourcesBuildPhase;
			buildActionMask = 2147483647;
			files = (
				8D953DBD2D622D8100F5DE0E /* Preview Assets.xcassets in Resources */,
				8D953DBA2D622D8100F5DE0E /* Assets.xcassets in Resources */,
			);
			runOnlyForDeploymentPostprocessing = 0;
		};
/* End PBXResourcesBuildPhase section */

/* Begin PBXSourcesBuildPhase section */
		8D953DAE2D622D7F00F5DE0E /* Sources */ = {
			isa = PBXSourcesBuildPhase;
			buildActionMask = 2147483647;
			files = (
				8D953DE72D625FF200F5DE0E /* UserStorage.swift in Sources */,
				8D953DD72D624F4B00F5DE0E /* ProjectRow.swift in Sources */,
				8D953DD32D624F1700F5DE0E /* TaskDetailView.swift in Sources */,
				8D953DD12D624EF000F5DE0E /* HomeView.swift in Sources */,
				8D953DE12D6251C000F5DE0E /* ProjectViewModel.swift in Sources */,
				8D953DCB2D62340500F5DE0E /* SplashView.swift in Sources */,
				8D953DDD2D62516000F5DE0E /* Project.swift in Sources */,
				8D953DB62D622D7F00F5DE0E /* HocusFocusApp.swift in Sources */,
				8D953DDB2D62501300F5DE0E /* BottomTabBar.swift in Sources */,
				8D953DE52D625FB400F5DE0E /* User.swift in Sources */,
				8D953DD52D624F2700F5DE0E /* CreateTaskView.swift in Sources */,
				8D953DD92D624F5900F5DE0E /* TaskRow.swift in Sources */,
				8D953DCF2D624EDF00F5DE0E /* SignUpView.swift in Sources */,
				8D953DE32D6251CF00F5DE0E /* TaskViewModel.swift in Sources */,
				8D953DDF2D62516F00F5DE0E /* Task.swift in Sources */,
				8D953DCD2D624ECA00F5DE0E /* SignInView.swift in Sources */,
			);
			runOnlyForDeploymentPostprocessing = 0;
		};
/* End PBXSourcesBuildPhase section */

/* Begin XCBuildConfiguration section */
		8D953DBE2D622D8100F5DE0E /* Debug */ = {
			isa = XCBuildConfiguration;
			buildSettings = {
				ALWAYS_SEARCH_USER_PATHS = NO;
				CLANG_ANALYZER_NONNULL = YES;
				CLANG_ANALYZER_NUMBER_OBJECT_CONVERSION = YES_AGGRESSIVE;
				CLANG_CXX_LANGUAGE_STANDARD = "gnu++20";
				CLANG_ENABLE_MODULES = YES;
				CLANG_ENABLE_OBJC_ARC = YES;
				CLANG_ENABLE_OBJC_WEAK = YES;
				CLANG_WARN_BLOCK_CAPTURE_AUTORELEASING = YES;
				CLANG_WARN_BOOL_CONVERSION = YES;
				CLANG_WARN_COMMA = YES;
				CLANG_WARN_CONSTANT_CONVERSION = YES;
				CLANG_WARN_DEPRECATED_OBJC_IMPLEMENTATIONS = YES;
				CLANG_WARN_DIRECT_OBJC_ISA_USAGE = YES_ERROR;
				CLANG_WARN_DOCUMENTATION_COMMENTS = YES;
				CLANG_WARN_EMPTY_BODY = YES;
				CLANG_WARN_ENUM_CONVERSION = YES;
				CLANG_WARN_INFINITE_RECURSION = YES;
				CLANG_WARN_INT_CONVERSION = YES;
				CLANG_WARN_NON_LITERAL_NULL_CONVERSION = YES;
				CLANG_WARN_OBJC_IMPLICIT_RETAIN_SELF = YES;
				CLANG_WARN_OBJC_LITERAL_CONVERSION = YES;
				CLANG_WARN_OBJC_ROOT_CLASS = YES_ERROR;
				CLANG_WARN_QUOTED_INCLUDE_IN_FRAMEWORK_HEADER = YES;
				CLANG_WARN_RANGE_LOOP_ANALYSIS = YES;
				CLANG_WARN_STRICT_PROTOTYPES = YES;
				CLANG_WARN_SUSPICIOUS_MOVE = YES;
				CLANG_WARN_UNGUARDED_AVAILABILITY = YES_AGGRESSIVE;
				CLANG_WARN_UNREACHABLE_CODE = YES;
				CLANG_WARN__DUPLICATE_METHOD_MATCH = YES;
				COPY_PHASE_STRIP = NO;
				DEBUG_INFORMATION_FORMAT = dwarf;
				ENABLE_STRICT_OBJC_MSGSEND = YES;
				ENABLE_TESTABILITY = YES;
				GCC_C_LANGUAGE_STANDARD = gnu11;
				GCC_DYNAMIC_NO_PIC = NO;
				GCC_NO_COMMON_BLOCKS = YES;
				GCC_OPTIMIZATION_LEVEL = 0;
				GCC_PREPROCESSOR_DEFINITIONS = (
					"DEBUG=1",
					"$(inherited)",
				);
				GCC_WARN_64_TO_32_BIT_CONVERSION = YES;
				GCC_WARN_ABOUT_RETURN_TYPE = YES_ERROR;
				GCC_WARN_UNDECLARED_SELECTOR = YES;
				GCC_WARN_UNINITIALIZED_AUTOS = YES_AGGRESSIVE;
				GCC_WARN_UNUSED_FUNCTION = YES;
				GCC_WARN_UNUSED_VARIABLE = YES;
				IPHONEOS_DEPLOYMENT_TARGET = 16.4;
				MTL_ENABLE_DEBUG_INFO = INCLUDE_SOURCE;
				MTL_FAST_MATH = YES;
				ONLY_ACTIVE_ARCH = YES;
				SDKROOT = iphoneos;
				SWIFT_ACTIVE_COMPILATION_CONDITIONS = DEBUG;
				SWIFT_OPTIMIZATION_LEVEL = "-Onone";
			};
			name = Debug;
		};
		8D953DBF2D622D8100F5DE0E /* Release */ = {
			isa = XCBuildConfiguration;
			buildSettings = {
				ALWAYS_SEARCH_USER_PATHS = NO;
				CLANG_ANALYZER_NONNULL = YES;
				CLANG_ANALYZER_NUMBER_OBJECT_CONVERSION = YES_AGGRESSIVE;
				CLANG_CXX_LANGUAGE_STANDARD = "gnu++20";
				CLANG_ENABLE_MODULES = YES;
				CLANG_ENABLE_OBJC_ARC = YES;
				CLANG_ENABLE_OBJC_WEAK = YES;
				CLANG_WARN_BLOCK_CAPTURE_AUTORELEASING = YES;
				CLANG_WARN_BOOL_CONVERSION = YES;
				CLANG_WARN_COMMA = YES;
				CLANG_WARN_CONSTANT_CONVERSION = YES;
				CLANG_WARN_DEPRECATED_OBJC_IMPLEMENTATIONS = YES;
				CLANG_WARN_DIRECT_OBJC_ISA_USAGE = YES_ERROR;
				CLANG_WARN_DOCUMENTATION_COMMENTS = YES;
				CLANG_WARN_EMPTY_BODY = YES;
				CLANG_WARN_ENUM_CONVERSION = YES;
				CLANG_WARN_INFINITE_RECURSION = YES;
				CLANG_WARN_INT_CONVERSION = YES;
				CLANG_WARN_NON_LITERAL_NULL_CONVERSION = YES;
				CLANG_WARN_OBJC_IMPLICIT_RETAIN_SELF = YES;
				CLANG_WARN_OBJC_LITERAL_CONVERSION = YES;
				CLANG_WARN_OBJC_ROOT_CLASS = YES_ERROR;
				CLANG_WARN_QUOTED_INCLUDE_IN_FRAMEWORK_HEADER = YES;
				CLANG_WARN_RANGE_LOOP_ANALYSIS = YES;
				CLANG_WARN_STRICT_PROTOTYPES = YES;
				CLANG_WARN_SUSPICIOUS_MOVE = YES;
				CLANG_WARN_UNGUARDED_AVAILABILITY = YES_AGGRESSIVE;
				CLANG_WARN_UNREACHABLE_CODE = YES;
				CLANG_WARN__DUPLICATE_METHOD_MATCH = YES;
				COPY_PHASE_STRIP = NO;
				DEBUG_INFORMATION_FORMAT = "dwarf-with-dsym";
				ENABLE_NS_ASSERTIONS = NO;
				ENABLE_STRICT_OBJC_MSGSEND = YES;
				GCC_C_LANGUAGE_STANDARD = gnu11;
				GCC_NO_COMMON_BLOCKS = YES;
				GCC_WARN_64_TO_32_BIT_CONVERSION = YES;
				GCC_WARN_ABOUT_RETURN_TYPE = YES_ERROR;
				GCC_WARN_UNDECLARED_SELECTOR = YES;
				GCC_WARN_UNINITIALIZED_AUTOS = YES_AGGRESSIVE;
				GCC_WARN_UNUSED_FUNCTION = YES;
				GCC_WARN_UNUSED_VARIABLE = YES;
				IPHONEOS_DEPLOYMENT_TARGET = 16.4;
				MTL_ENABLE_DEBUG_INFO = NO;
				MTL_FAST_MATH = YES;
				SDKROOT = iphoneos;
				SWIFT_COMPILATION_MODE = wholemodule;
				SWIFT_OPTIMIZATION_LEVEL = "-O";
				VALIDATE_PRODUCT = YES;
			};
			name = Release;
		};
		8D953DC12D622D8100F5DE0E /* Debug */ = {
			isa = XCBuildConfiguration;
			buildSettings = {
				ASSETCATALOG_COMPILER_APPICON_NAME = AppIcon;
				ASSETCATALOG_COMPILER_GLOBAL_ACCENT_COLOR_NAME = AccentColor;
				CODE_SIGN_STYLE = Automatic;
				CURRENT_PROJECT_VERSION = 1;
				DEVELOPMENT_ASSET_PATHS = "\"HocusFocusApp/Preview Content\"";
				ENABLE_PREVIEWS = YES;
				GENERATE_INFOPLIST_FILE = YES;
				INFOPLIST_KEY_UIApplicationSceneManifest_Generation = YES;
				INFOPLIST_KEY_UIApplicationSupportsIndirectInputEvents = YES;
				INFOPLIST_KEY_UILaunchScreen_Generation = YES;
				INFOPLIST_KEY_UISupportedInterfaceOrientations_iPad = "UIInterfaceOrientationPortrait UIInterfaceOrientationPortraitUpsideDown UIInterfaceOrientationLandscapeLeft UIInterfaceOrientationLandscapeRight";
				INFOPLIST_KEY_UISupportedInterfaceOrientations_iPhone = "UIInterfaceOrientationPortrait UIInterfaceOrientationLandscapeLeft UIInterfaceOrientationLandscapeRight";
				LD_RUNPATH_SEARCH_PATHS = (
					"$(inherited)",
					"@executable_path/Frameworks",
				);
				MARKETING_VERSION = 1.0;
				PRODUCT_BUNDLE_IDENTIFIER = ca.gbc.HocusFocusApp;
				PRODUCT_NAME = "$(TARGET_NAME)";
				SWIFT_EMIT_LOC_STRINGS = YES;
				SWIFT_VERSION = 5.0;
				TARGETED_DEVICE_FAMILY = "1,2";
			};
			name = Debug;
		};
		8D953DC22D622D8100F5DE0E /* Release */ = {
			isa = XCBuildConfiguration;
			buildSettings = {
				ASSETCATALOG_COMPILER_APPICON_NAME = AppIcon;
				ASSETCATALOG_COMPILER_GLOBAL_ACCENT_COLOR_NAME = AccentColor;
				CODE_SIGN_STYLE = Automatic;
				CURRENT_PROJECT_VERSION = 1;
				DEVELOPMENT_ASSET_PATHS = "\"HocusFocusApp/Preview Content\"";
				ENABLE_PREVIEWS = YES;
				GENERATE_INFOPLIST_FILE = YES;
				INFOPLIST_KEY_UIApplicationSceneManifest_Generation = YES;
				INFOPLIST_KEY_UIApplicationSupportsIndirectInputEvents = YES;
				INFOPLIST_KEY_UILaunchScreen_Generation = YES;
				INFOPLIST_KEY_UISupportedInterfaceOrientations_iPad = "UIInterfaceOrientationPortrait UIInterfaceOrientationPortraitUpsideDown UIInterfaceOrientationLandscapeLeft UIInterfaceOrientationLandscapeRight";
				INFOPLIST_KEY_UISupportedInterfaceOrientations_iPhone = "UIInterfaceOrientationPortrait UIInterfaceOrientationLandscapeLeft UIInterfaceOrientationLandscapeRight";
				LD_RUNPATH_SEARCH_PATHS = (
					"$(inherited)",
					"@executable_path/Frameworks",
				);
				MARKETING_VERSION = 1.0;
				PRODUCT_BUNDLE_IDENTIFIER = ca.gbc.HocusFocusApp;
				PRODUCT_NAME = "$(TARGET_NAME)";
				SWIFT_EMIT_LOC_STRINGS = YES;
				SWIFT_VERSION = 5.0;
				TARGETED_DEVICE_FAMILY = "1,2";
			};
			name = Release;
		};
/* End XCBuildConfiguration section */

/* Begin XCConfigurationList section */
		8D953DAD2D622D7F00F5DE0E /* Build configuration list for PBXProject "HocusFocusApp" */ = {
			isa = XCConfigurationList;
			buildConfigurations = (
				8D953DBE2D622D8100F5DE0E /* Debug */,
				8D953DBF2D622D8100F5DE0E /* Release */,
			);
			defaultConfigurationIsVisible = 0;
			defaultConfigurationName = Release;
		};
		8D953DC02D622D8100F5DE0E /* Build configuration list for PBXNativeTarget "HocusFocusApp" */ = {
			isa = XCConfigurationList;
			buildConfigurations = (
				8D953DC12D622D8100F5DE0E /* Debug */,
				8D953DC22D622D8100F5DE0E /* Release */,
			);
			defaultConfigurationIsVisible = 0;
			defaultConfigurationName = Release;
		};
/* End XCConfigurationList section */
	};
	rootObject = 8D953DAA2D622D7F00F5DE0E /* Project object */;
}
